# Development pins layered on requirements.lock.
#   python -m pip install -r requirements-dev.lock
-r requirements.lock
build==1.2.2.post1
coverage==7.10.1
hypothesis==6.136.9
iniconfig==2.3.0
mypy==1.17.0
mypy_extensions==1.1.0
packaging==26.2
pathspec==1.1.1
pluggy==1.6.0
pyproject_hooks==1.2.0
pytest==8.4.1
pytest-cov==6.2.1
ruff==0.12.7
types-PyYAML==6.0.12.20250516
wheel==0.48.0
